
Microsoft Visual Studio Solution File, Format Version 12.00
# Visual Studio Version 17
VisualStudioVersion = 17.8.34330.188
MinimumVisualStudioVersion = 10.0.40219.1
Project("{FAE04EC0-301F-11D3-BF4B-00C04F79EFBC}") = "opencv33", "opencv33\opencv33.csproj", "{42559D9B-D907-470B-8AD8-737D2F2C5BD2}"
EndProject
Global
	GlobalSection(SolutionConfigurationPlatforms) = preSolution
		Debug|Any CPU = Debug|Any CPU
		Release|Any CPU = Release|Any CPU
	EndGlobalSection
	GlobalSection(ProjectConfigurationPlatforms) = postSolution
		{42559D9B-D907-470B-8AD8-737D2F2C5BD2}.Debug|Any CPU.ActiveCfg = Debug|Any CPU
		{42559D9B-D907-470B-8AD8-737D2F2C5BD2}.Debug|Any CPU.Build.0 = Debug|Any CPU
		{42559D9B-D907-470B-8AD8-737D2F2C5BD2}.Release|Any CPU.ActiveCfg = Release|Any CPU
		{42559D9B-D907-470B-8AD8-737D2F2C5BD2}.Release|Any CPU.Build.0 = Release|Any CPU
	EndGlobalSection
	GlobalSection(SolutionProperties) = preSolution
		HideSolutionNode = FALSE
	EndGlobalSection
	GlobalSection(ExtensibilityGlobals) = postSolution
		SolutionGuid = {6EFDC427-D3EC-4D26-9AAB-2A690CC80586}
	EndGlobalSection
EndGlobal
